
Microsoft Visual Studio Solution File, Format Version 12.00
# Visual Studio 15
VisualStudioVersion = 15.0.28010.2046
MinimumVisualStudioVersion = 10.0.40219.1
Project("{FAE04EC0-301F-11D3-BF4B-00C04F79EFBC}") = "WebApp1", "WebApp1\WebApp1.csproj", "{D56F1EFD-46C4-4C8E-94B9-DE90E4525BFE}"
EndProject
Global
	GlobalSection(SolutionConfigurationPlatforms) = preSolution
		Debug|Any CPU = Debug|Any CPU
		Release|Any CPU = Release|Any CPU
	EndGlobalSection
	GlobalSection(ProjectConfigurationPlatforms) = postSolution
		{D56F1EFD-46C4-4C8E-94B9-DE90E4525BFE}.Debug|Any CPU.ActiveCfg = Debug|Any CPU
		{D56F1EFD-46C4-4C8E-94B9-DE90E4525BFE}.Debug|Any CPU.Build.0 = Debug|Any CPU
		{D56F1EFD-46C4-4C8E-94B9-DE90E4525BFE}.Release|Any CPU.ActiveCfg = Release|Any CPU
		{D56F1EFD-46C4-4C8E-94B9-DE90E4525BFE}.Release|Any CPU.Build.0 = Release|Any CPU
	EndGlobalSection
	GlobalSection(SolutionProperties) = preSolution
		HideSolutionNode = FALSE
	EndGlobalSection
	GlobalSection(ExtensibilityGlobals) = postSolution
		SolutionGuid = {129360FF-0F02-406F-B043-51F9A170704D}
	EndGlobalSection
EndGlobal
